// !$*UTF8*$!
{
	archiveVersion = 1;
	classes = {
	};
	objectVersion = 46;
	objects = {

/* Begin PBXBuildFile section */
		8E0D33B01D3118CD002D3463 /* NotificationCenter.framework in Frameworks */ = {isa = PBXBuildFile; fileRef = 8EE1297C1C46F891000D404F /* NotificationCenter.framework */; };
		8E0D33B51D3118CD002D3463 /* TodayViewController.swift in Sources */ = {isa = PBXBuildFile; fileRef = 8E0D33B41D3118CD002D3463 /* TodayViewController.swift */; };
		8E0D33B71D3118CD002D3463 /* ListRowViewController.swift in Sources */ = {isa = PBXBuildFile; fileRef = 8E0D33B61D3118CD002D3463 /* ListRowViewController.swift */; };
		8E0D33C41D3118CD002D3463 /* Apple Juice Widget.appex in Embed App Extensions */ = {isa = PBXBuildFile; fileRef = 8E0D33AF1D3118CD002D3463 /* Apple Juice Widget.appex */; settings = {ATTRIBUTES = (RemoveHeadersOnCopy, ); }; };
		8E31BF9F1D42651F00055A5B /* BatteryImageCache.swift in Sources */ = {isa = PBXBuildFile; fileRef = 8E31BF9E1D42651F00055A5B /* BatteryImageCache.swift */; };
		8E58CBA21D339BC200920567 /* TodayViewController.xib in Resources */ = {isa = PBXBuildFile; fileRef = 8EF30EE81D32D0ED0010BC49 /* TodayViewController.xib */; };
		8E58CBA31D339BC900920567 /* ListRowViewController.xib in Resources */ = {isa = PBXBuildFile; fileRef = 8EF30EEA1D32D0FA0010BC49 /* ListRowViewController.xib */; };
		8E58CBA41D339BD000920567 /* Apple_Juice_Widget.entitlements in Resources */ = {isa = PBXBuildFile; fileRef = 8E0D33B31D3118CD002D3463 /* Apple_Juice_Widget.entitlements */; };
		8E7373D91EACB58E00F10AD7 /* BatteryInfoTypeProtocol.swift in Sources */ = {isa = PBXBuildFile; fileRef = 8E7373D81EACB58E00F10AD7 /* BatteryInfoTypeProtocol.swift */; };
		8E7373DB1EACB78500F10AD7 /* TimeRemainingInfoType.swift in Sources */ = {isa = PBXBuildFile; fileRef = 8E7373DA1EACB78500F10AD7 /* TimeRemainingInfoType.swift */; };
		8E7373DD1EACB8D400F10AD7 /* PercentageInfoType.swift in Sources */ = {isa = PBXBuildFile; fileRef = 8E7373DC1EACB8D400F10AD7 /* PercentageInfoType.swift */; };
		8E7373DF1EACBB3300F10AD7 /* PowerUsageInfoType.swift in Sources */ = {isa = PBXBuildFile; fileRef = 8E7373DE1EACBB3300F10AD7 /* PowerUsageInfoType.swift */; };
		8E7373E11EACBBDB00F10AD7 /* ChargeInfoType.swift in Sources */ = {isa = PBXBuildFile; fileRef = 8E7373E01EACBBDB00F10AD7 /* ChargeInfoType.swift */; };
		8E7373E31EACBC5D00F10AD7 /* CycleCountInfoType.swift in Sources */ = {isa = PBXBuildFile; fileRef = 8E7373E21EACBC5D00F10AD7 /* CycleCountInfoType.swift */; };
		8E995BAF1EABD8C800CE8364 /* BatteryError.swift in Sources */ = {isa = PBXBuildFile; fileRef = 8E995BA91EABD8C800CE8364 /* BatteryError.swift */; };
		8E995BB01EABD8C800CE8364 /* BatteryState.swift in Sources */ = {isa = PBXBuildFile; fileRef = 8E995BAA1EABD8C800CE8364 /* BatteryState.swift */; };
		8E995BB11EABD8C800CE8364 /* NotificationKey.swift in Sources */ = {isa = PBXBuildFile; fileRef = 8E995BAB1EABD8C800CE8364 /* NotificationKey.swift */; };
		8E995BB31EABD8C800CE8364 /* SmartBatteryKeys.swift in Sources */ = {isa = PBXBuildFile; fileRef = 8E995BAD1EABD8C800CE8364 /* SmartBatteryKeys.swift */; };
		8E995BB41EABD8C800CE8364 /* StatusItem.swift in Sources */ = {isa = PBXBuildFile; fileRef = 8E995BAE1EABD8C800CE8364 /* StatusItem.swift */; };
		8E995BB51EABDA6800CE8364 /* BatteryState.swift in Sources */ = {isa = PBXBuildFile; fileRef = 8E995BAA1EABD8C800CE8364 /* BatteryState.swift */; };
		8E995BB61EABDA6C00CE8364 /* BatteryError.swift in Sources */ = {isa = PBXBuildFile; fileRef = 8E995BA91EABD8C800CE8364 /* BatteryError.swift */; };
		8E995BB71EABDA7100CE8364 /* SmartBatteryKeys.swift in Sources */ = {isa = PBXBuildFile; fileRef = 8E995BAD1EABD8C800CE8364 /* SmartBatteryKeys.swift */; };
		8E995BBB1EABDB2F00CE8364 /* dsa_pub.pem in Resources */ = {isa = PBXBuildFile; fileRef = 8E995BBA1EABDB2F00CE8364 /* dsa_pub.pem */; };
		8EA14D281D3D4728004D36C6 /* Localizable.strings in Resources */ = {isa = PBXBuildFile; fileRef = 8EBF29EC1C485493005BBAE0 /* Localizable.strings */; };
		8EAE0D211EB4EFBF00E3D594 /* SourceInfoType.swift in Sources */ = {isa = PBXBuildFile; fileRef = 8EAE0D201EB4EFBF00E3D594 /* SourceInfoType.swift */; };
		8EAE0D231EB4EFD000E3D594 /* TemperatureInfoType.swift in Sources */ = {isa = PBXBuildFile; fileRef = 8EAE0D221EB4EFD000E3D594 /* TemperatureInfoType.swift */; };
		8EBEB4461C466091001DBE91 /* AppDelegate.swift in Sources */ = {isa = PBXBuildFile; fileRef = 8EBEB4451C466091001DBE91 /* AppDelegate.swift */; };
		8EBEB4481C466091001DBE91 /* Assets.xcassets in Resources */ = {isa = PBXBuildFile; fileRef = 8EBEB4471C466091001DBE91 /* Assets.xcassets */; };
		8EBEB44B1C466091001DBE91 /* MainMenu.xib in Resources */ = {isa = PBXBuildFile; fileRef = 8EBEB4491C466091001DBE91 /* MainMenu.xib */; };
		8EBF29DE1C4845F6005BBAE0 /* Sparkle.framework in Frameworks */ = {isa = PBXBuildFile; fileRef = 8EBF29DD1C4845F6005BBAE0 /* Sparkle.framework */; };
		8EBF29DF1C4845F6005BBAE0 /* Sparkle.framework in Embed Frameworks */ = {isa = PBXBuildFile; fileRef = 8EBF29DD1C4845F6005BBAE0 /* Sparkle.framework */; settings = {ATTRIBUTES = (CodeSignOnCopy, RemoveHeadersOnCopy, ); }; };
		8EBF29E91C485493005BBAE0 /* Localizable.strings in Resources */ = {isa = PBXBuildFile; fileRef = 8EBF29EC1C485493005BBAE0 /* Localizable.strings */; };
		8EE1296A1C4663F7000D404F /* ApplicationController.swift in Sources */ = {isa = PBXBuildFile; fileRef = 8EE129691C4663F7000D404F /* ApplicationController.swift */; };
		8EE1296E1C469326000D404F /* StatusIcon.swift in Sources */ = {isa = PBXBuildFile; fileRef = 8EE1296D1C469326000D404F /* StatusIcon.swift */; };
		8EE129701C4695B5000D404F /* Battery.swift in Sources */ = {isa = PBXBuildFile; fileRef = 8EE1296F1C4695B5000D404F /* Battery.swift */; };
		8EE129721C46CA1B000D404F /* UserPreferences.swift in Sources */ = {isa = PBXBuildFile; fileRef = 8EE129711C46CA1B000D404F /* UserPreferences.swift */; };
		8EE129741C46D3C7000D404F /* StatusNotification.swift in Sources */ = {isa = PBXBuildFile; fileRef = 8EE129731C46D3C7000D404F /* StatusNotification.swift */; };
		8EF30ED31D32B3170010BC49 /* Battery.swift in Sources */ = {isa = PBXBuildFile; fileRef = 8EE1296F1C4695B5000D404F /* Battery.swift */; };
		C5EEDA6920276240004DE64C /* PreferenceKey.swift in Sources */ = {isa = PBXBuildFile; fileRef = C5EEDA6820276240004DE64C /* PreferenceKey.swift */; };
/* End PBXBuildFile section */

/* Begin PBXContainerItemProxy section */
		8E0D33C21D3118CD002D3463 /* PBXContainerItemProxy */ = {
			isa = PBXContainerItemProxy;
			containerPortal = 8EBEB43A1C466091001DBE91 /* Project object */;
			proxyType = 1;
			remoteGlobalIDString = 8E0D33AE1D3118CD002D3463;
			remoteInfo = "Apple Juice Widget";
		};
/* End PBXContainerItemProxy section */

/* Begin PBXCopyFilesBuildPhase section */
		8EBF29E01C4845F6005BBAE0 /* Embed Frameworks */ = {
			isa = PBXCopyFilesBuildPhase;
			buildActionMask = 2147483647;
			dstPath = "";
			dstSubfolderSpec = 10;
			files = (
				8EBF29DF1C4845F6005BBAE0 /* Sparkle.framework in Embed Frameworks */,
			);
			name = "Embed Frameworks";
			runOnlyForDeploymentPostprocessing = 0;
		};
		8EBF29E11C48461A005BBAE0 /* CopyFiles */ = {
			isa = PBXCopyFilesBuildPhase;
			buildActionMask = 2147483647;
			dstPath = "";
			dstSubfolderSpec = 16;
			files = (
			);
			runOnlyForDeploymentPostprocessing = 0;
		};
		8EE129951C46F891000D404F /* Embed App Extensions */ = {
			isa = PBXCopyFilesBuildPhase;
			buildActionMask = 2147483647;
			dstPath = "";
			dstSubfolderSpec = 13;
			files = (
				8E0D33C41D3118CD002D3463 /* Apple Juice Widget.appex in Embed App Extensions */,
			);
			name = "Embed App Extensions";
			runOnlyForDeploymentPostprocessing = 0;
		};
/* End PBXCopyFilesBuildPhase section */

/* Begin PBXFileReference section */
		8E0D33AF1D3118CD002D3463 /* Apple Juice Widget.appex */ = {isa = PBXFileReference; explicitFileType = "wrapper.app-extension"; includeInIndex = 0; path = "Apple Juice Widget.appex"; sourceTree = BUILT_PRODUCTS_DIR; };
		8E0D33B31D3118CD002D3463 /* Apple_Juice_Widget.entitlements */ = {isa = PBXFileReference; lastKnownFileType = text.xml; path = Apple_Juice_Widget.entitlements; sourceTree = "<group>"; };
		8E0D33B41D3118CD002D3463 /* TodayViewController.swift */ = {isa = PBXFileReference; lastKnownFileType = sourcecode.swift; path = TodayViewController.swift; sourceTree = "<group>"; };
		8E0D33B61D3118CD002D3463 /* ListRowViewController.swift */ = {isa = PBXFileReference; lastKnownFileType = sourcecode.swift; path = ListRowViewController.swift; sourceTree = "<group>"; };
		8E31BF9E1D42651F00055A5B /* BatteryImageCache.swift */ = {isa = PBXFileReference; fileEncoding = 4; lastKnownFileType = sourcecode.swift; path = BatteryImageCache.swift; sourceTree = "<group>"; };
		8E5BC0241C50D13D0077228F /* es */ = {isa = PBXFileReference; lastKnownFileType = text.plist.strings; name = es; path = es.lproj/Localizable.strings; sourceTree = "<group>"; };
		8E7373D81EACB58E00F10AD7 /* BatteryInfoTypeProtocol.swift */ = {isa = PBXFileReference; fileEncoding = 4; lastKnownFileType = sourcecode.swift; path = BatteryInfoTypeProtocol.swift; sourceTree = "<group>"; };
		8E7373DA1EACB78500F10AD7 /* TimeRemainingInfoType.swift */ = {isa = PBXFileReference; fileEncoding = 4; lastKnownFileType = sourcecode.swift; path = TimeRemainingInfoType.swift; sourceTree = "<group>"; };
		8E7373DC1EACB8D400F10AD7 /* PercentageInfoType.swift */ = {isa = PBXFileReference; fileEncoding = 4; lastKnownFileType = sourcecode.swift; path = PercentageInfoType.swift; sourceTree = "<group>"; };
		8E7373DE1EACBB3300F10AD7 /* PowerUsageInfoType.swift */ = {isa = PBXFileReference; fileEncoding = 4; lastKnownFileType = sourcecode.swift; path = PowerUsageInfoType.swift; sourceTree = "<group>"; };
		8E7373E01EACBBDB00F10AD7 /* ChargeInfoType.swift */ = {isa = PBXFileReference; fileEncoding = 4; lastKnownFileType = sourcecode.swift; path = ChargeInfoType.swift; sourceTree = "<group>"; };
		8E7373E21EACBC5D00F10AD7 /* CycleCountInfoType.swift */ = {isa = PBXFileReference; fileEncoding = 4; lastKnownFileType = sourcecode.swift; path = CycleCountInfoType.swift; sourceTree = "<group>"; };
		8E7496931D41798800FD5ADA /* de */ = {isa = PBXFileReference; lastKnownFileType = text.plist.strings; name = de; path = de.lproj/MainMenu.strings; sourceTree = "<group>"; };
		8E7496941D41798E00FD5ADA /* en */ = {isa = PBXFileReference; lastKnownFileType = text.plist.strings; name = en; path = en.lproj/MainMenu.strings; sourceTree = "<group>"; };
		8E7496951D41799200FD5ADA /* fr */ = {isa = PBXFileReference; lastKnownFileType = text.plist.strings; name = fr; path = fr.lproj/MainMenu.strings; sourceTree = "<group>"; };
		8E7496961D41799600FD5ADA /* it */ = {isa = PBXFileReference; lastKnownFileType = text.plist.strings; name = it; path = it.lproj/MainMenu.strings; sourceTree = "<group>"; };
		8E7496971D41799B00FD5ADA /* es */ = {isa = PBXFileReference; lastKnownFileType = text.plist.strings; name = es; path = es.lproj/MainMenu.strings; sourceTree = "<group>"; };
		8E954FA81C4EE528006D0F34 /* it */ = {isa = PBXFileReference; lastKnownFileType = text.plist.strings; name = it; path = it.lproj/Localizable.strings; sourceTree = "<group>"; };
		8E995BA91EABD8C800CE8364 /* BatteryError.swift */ = {isa = PBXFileReference; fileEncoding = 4; lastKnownFileType = sourcecode.swift; path = BatteryError.swift; sourceTree = "<group>"; };
		8E995BAA1EABD8C800CE8364 /* BatteryState.swift */ = {isa = PBXFileReference; fileEncoding = 4; lastKnownFileType = sourcecode.swift; path = BatteryState.swift; sourceTree = "<group>"; };
		8E995BAB1EABD8C800CE8364 /* NotificationKey.swift */ = {isa = PBXFileReference; fileEncoding = 4; lastKnownFileType = sourcecode.swift; path = NotificationKey.swift; sourceTree = "<group>"; };
		8E995BAD1EABD8C800CE8364 /* SmartBatteryKeys.swift */ = {isa = PBXFileReference; fileEncoding = 4; lastKnownFileType = sourcecode.swift; path = SmartBatteryKeys.swift; sourceTree = "<group>"; };
		8E995BAE1EABD8C800CE8364 /* StatusItem.swift */ = {isa = PBXFileReference; fileEncoding = 4; lastKnownFileType = sourcecode.swift; path = StatusItem.swift; sourceTree = "<group>"; };
		8E995BBA1EABDB2F00CE8364 /* dsa_pub.pem */ = {isa = PBXFileReference; fileEncoding = 4; lastKnownFileType = text; path = dsa_pub.pem; sourceTree = "<group>"; };
		8EAE0D201EB4EFBF00E3D594 /* SourceInfoType.swift */ = {isa = PBXFileReference; fileEncoding = 4; lastKnownFileType = sourcecode.swift; path = SourceInfoType.swift; sourceTree = "<group>"; };
		8EAE0D221EB4EFD000E3D594 /* TemperatureInfoType.swift */ = {isa = PBXFileReference; fileEncoding = 4; lastKnownFileType = sourcecode.swift; path = TemperatureInfoType.swift; sourceTree = "<group>"; };
		8EBEB4421C466091001DBE91 /* Apple Juice.app */ = {isa = PBXFileReference; explicitFileType = wrapper.application; includeInIndex = 0; path = "Apple Juice.app"; sourceTree = BUILT_PRODUCTS_DIR; };
		8EBEB4451C466091001DBE91 /* AppDelegate.swift */ = {isa = PBXFileReference; lastKnownFileType = sourcecode.swift; path = AppDelegate.swift; sourceTree = "<group>"; };
		8EBEB4471C466091001DBE91 /* Assets.xcassets */ = {isa = PBXFileReference; lastKnownFileType = folder.assetcatalog; path = Assets.xcassets; sourceTree = "<group>"; };
		8EBEB44A1C466091001DBE91 /* Base */ = {isa = PBXFileReference; lastKnownFileType = file.xib; name = Base; path = Base.lproj/MainMenu.xib; sourceTree = "<group>"; };
		8EBEB44C1C466091001DBE91 /* Info.plist */ = {isa = PBXFileReference; lastKnownFileType = text.plist.xml; path = Info.plist; sourceTree = "<group>"; };
		8EBF29DD1C4845F6005BBAE0 /* Sparkle.framework */ = {isa = PBXFileReference; lastKnownFileType = wrapper.framework; name = Sparkle.framework; path = Carthage/Build/Mac/Sparkle.framework; sourceTree = "<group>"; };
		8EBF29EB1C485493005BBAE0 /* en */ = {isa = PBXFileReference; lastKnownFileType = text.plist.strings; name = en; path = en.lproj/Localizable.strings; sourceTree = "<group>"; };
		8EBF29ED1C48552D005BBAE0 /* Base */ = {isa = PBXFileReference; lastKnownFileType = text.plist.strings; name = Base; path = Base.lproj/Localizable.strings; sourceTree = "<group>"; };
		8EBF29F31C485741005BBAE0 /* de */ = {isa = PBXFileReference; lastKnownFileType = text.plist.strings; name = de; path = de.lproj/Localizable.strings; sourceTree = "<group>"; };
		8EBF29FD1C486640005BBAE0 /* fr */ = {isa = PBXFileReference; lastKnownFileType = text.plist.strings; name = fr; path = fr.lproj/Localizable.strings; sourceTree = "<group>"; };
		8EE129691C4663F7000D404F /* ApplicationController.swift */ = {isa = PBXFileReference; fileEncoding = 4; lastKnownFileType = sourcecode.swift; path = ApplicationController.swift; sourceTree = "<group>"; };
		8EE1296D1C469326000D404F /* StatusIcon.swift */ = {isa = PBXFileReference; fileEncoding = 4; lastKnownFileType = sourcecode.swift; path = StatusIcon.swift; sourceTree = "<group>"; };
		8EE1296F1C4695B5000D404F /* Battery.swift */ = {isa = PBXFileReference; fileEncoding = 4; lastKnownFileType = sourcecode.swift; path = Battery.swift; sourceTree = "<group>"; };
		8EE129711C46CA1B000D404F /* UserPreferences.swift */ = {isa = PBXFileReference; fileEncoding = 4; lastKnownFileType = sourcecode.swift; path = UserPreferences.swift; sourceTree = "<group>"; };
		8EE129731C46D3C7000D404F /* StatusNotification.swift */ = {isa = PBXFileReference; fileEncoding = 4; lastKnownFileType = sourcecode.swift; path = StatusNotification.swift; sourceTree = "<group>"; };
		8EE1297C1C46F891000D404F /* NotificationCenter.framework */ = {isa = PBXFileReference; lastKnownFileType = wrapper.framework; name = NotificationCenter.framework; path = System/Library/Frameworks/NotificationCenter.framework; sourceTree = SDKROOT; };
		8EF30EE81D32D0ED0010BC49 /* TodayViewController.xib */ = {isa = PBXFileReference; fileEncoding = 4; lastKnownFileType = file.xib; path = TodayViewController.xib; sourceTree = "<group>"; };
		8EF30EEA1D32D0FA0010BC49 /* ListRowViewController.xib */ = {isa = PBXFileReference; fileEncoding = 4; lastKnownFileType = file.xib; path = ListRowViewController.xib; sourceTree = "<group>"; };
		8EF30EF01D32D1C70010BC49 /* Info.plist */ = {isa = PBXFileReference; fileEncoding = 4; lastKnownFileType = text.plist.xml; path = Info.plist; sourceTree = "<group>"; };
		C5EEDA6820276240004DE64C /* PreferenceKey.swift */ = {isa = PBXFileReference; fileEncoding = 4; lastKnownFileType = sourcecode.swift; path = PreferenceKey.swift; sourceTree = "<group>"; };
/* End PBXFileReference section */

/* Begin PBXFrameworksBuildPhase section */
		8E0D33AC1D3118CD002D3463 /* Frameworks */ = {
			isa = PBXFrameworksBuildPhase;
			buildActionMask = 2147483647;
			files = (
				8E0D33B01D3118CD002D3463 /* NotificationCenter.framework in Frameworks */,
			);
			runOnlyForDeploymentPostprocessing = 0;
		};
		8EBEB43F1C466091001DBE91 /* Frameworks */ = {
			isa = PBXFrameworksBuildPhase;
			buildActionMask = 2147483647;
			files = (
				8EBF29DE1C4845F6005BBAE0 /* Sparkle.framework in Frameworks */,
			);
			runOnlyForDeploymentPostprocessing = 0;
		};
/* End PBXFrameworksBuildPhase section */

/* Begin PBXGroup section */
		8E03E9DC1C4BCFBA00D12D11 /* Supporting Files */ = {
			isa = PBXGroup;
			children = (
				8EBEB44C1C466091001DBE91 /* Info.plist */,
				8E995BBA1EABDB2F00CE8364 /* dsa_pub.pem */,
			);
			name = "Supporting Files";
			sourceTree = "<group>";
		};
		8E0D33B11D3118CD002D3463 /* Apple Juice Widget */ = {
			isa = PBXGroup;
			children = (
				8E0D33B41D3118CD002D3463 /* TodayViewController.swift */,
				8E0D33B61D3118CD002D3463 /* ListRowViewController.swift */,
				8E7373D81EACB58E00F10AD7 /* BatteryInfoTypeProtocol.swift */,
				8E7373DA1EACB78500F10AD7 /* TimeRemainingInfoType.swift */,
				8E7373DC1EACB8D400F10AD7 /* PercentageInfoType.swift */,
				8E7373DE1EACBB3300F10AD7 /* PowerUsageInfoType.swift */,
				8E7373E01EACBBDB00F10AD7 /* ChargeInfoType.swift */,
				8E7373E21EACBC5D00F10AD7 /* CycleCountInfoType.swift */,
				8EAE0D201EB4EFBF00E3D594 /* SourceInfoType.swift */,
				8EAE0D221EB4EFD000E3D594 /* TemperatureInfoType.swift */,
				8E0D33C81D311906002D3463 /* UI */,
				8E0D33B21D3118CD002D3463 /* Supporting Files */,
			);
			path = "Apple Juice Widget";
			sourceTree = "<group>";
		};
		8E0D33B21D3118CD002D3463 /* Supporting Files */ = {
			isa = PBXGroup;
			children = (
				8EF30EF01D32D1C70010BC49 /* Info.plist */,
				8E0D33B31D3118CD002D3463 /* Apple_Juice_Widget.entitlements */,
			);
			name = "Supporting Files";
			sourceTree = "<group>";
		};
		8E0D33C81D311906002D3463 /* UI */ = {
			isa = PBXGroup;
			children = (
				8EF30EE81D32D0ED0010BC49 /* TodayViewController.xib */,
				8EF30EEA1D32D0FA0010BC49 /* ListRowViewController.xib */,
			);
			name = UI;
			sourceTree = "<group>";
		};
		8EBEB4391C466091001DBE91 = {
			isa = PBXGroup;
			children = (
				8EBEB4441C466091001DBE91 /* Apple Juice */,
				8E0D33B11D3118CD002D3463 /* Apple Juice Widget */,
				8EE1297B1C46F891000D404F /* Frameworks */,
				8EBEB4431C466091001DBE91 /* Products */,
			);
			sourceTree = "<group>";
		};
		8EBEB4431C466091001DBE91 /* Products */ = {
			isa = PBXGroup;
			children = (
				8EBEB4421C466091001DBE91 /* Apple Juice.app */,
				8E0D33AF1D3118CD002D3463 /* Apple Juice Widget.appex */,
			);
			name = Products;
			sourceTree = "<group>";
		};
		8EBEB4441C466091001DBE91 /* Apple Juice */ = {
			isa = PBXGroup;
			children = (
				8EBEB4451C466091001DBE91 /* AppDelegate.swift */,
				8EE129691C4663F7000D404F /* ApplicationController.swift */,
				8E995BAE1EABD8C800CE8364 /* StatusItem.swift */,
				8EE1296D1C469326000D404F /* StatusIcon.swift */,
				8E31BF9E1D42651F00055A5B /* BatteryImageCache.swift */,
				8EE129731C46D3C7000D404F /* StatusNotification.swift */,
				8E995BAB1EABD8C800CE8364 /* NotificationKey.swift */,
				8EE1296F1C4695B5000D404F /* Battery.swift */,
				8E995BAA1EABD8C800CE8364 /* BatteryState.swift */,
				8E995BAD1EABD8C800CE8364 /* SmartBatteryKeys.swift */,
				8E995BA91EABD8C800CE8364 /* BatteryError.swift */,
				8EE129711C46CA1B000D404F /* UserPreferences.swift */,
				C5EEDA6820276240004DE64C /* PreferenceKey.swift */,
				8EE129681C4661BA000D404F /* UI */,
				8EE129671C4661AC000D404F /* Resources */,
				8E03E9DC1C4BCFBA00D12D11 /* Supporting Files */,
			);
			path = "Apple Juice";
			sourceTree = "<group>";
		};
		8EE129671C4661AC000D404F /* Resources */ = {
			isa = PBXGroup;
			children = (
				8EBF29EC1C485493005BBAE0 /* Localizable.strings */,
				8EBEB4471C466091001DBE91 /* Assets.xcassets */,
			);
			name = Resources;
			sourceTree = "<group>";
		};
		8EE129681C4661BA000D404F /* UI */ = {
			isa = PBXGroup;
			children = (
				8EBEB4491C466091001DBE91 /* MainMenu.xib */,
			);
			name = UI;
			sourceTree = "<group>";
		};
		8EE1297B1C46F891000D404F /* Frameworks */ = {
			isa = PBXGroup;
			children = (
				8EBF29DD1C4845F6005BBAE0 /* Sparkle.framework */,
				8EE1297C1C46F891000D404F /* NotificationCenter.framework */,
			);
			name = Frameworks;
			sourceTree = "<group>";
		};
/* End PBXGroup section */

/* Begin PBXNativeTarget section */
		8E0D33AE1D3118CD002D3463 /* Apple Juice Widget */ = {
			isa = PBXNativeTarget;
			buildConfigurationList = 8E0D33C51D3118CD002D3463 /* Build configuration list for PBXNativeTarget "Apple Juice Widget" */;
			buildPhases = (
				8E0D33AB1D3118CD002D3463 /* Sources */,
				8E0D33AC1D3118CD002D3463 /* Frameworks */,
				8E0D33AD1D3118CD002D3463 /* Resources */,
			);
			buildRules = (
			);
			dependencies = (
			);
			name = "Apple Juice Widget";
			productName = "Apple Juice Widget";
			productReference = 8E0D33AF1D3118CD002D3463 /* Apple Juice Widget.appex */;
			productType = "com.apple.product-type.app-extension";
		};
		8EBEB4411C466091001DBE91 /* Apple Juice */ = {
			isa = PBXNativeTarget;
			buildConfigurationList = 8EBEB44F1C466091001DBE91 /* Build configuration list for PBXNativeTarget "Apple Juice" */;
			buildPhases = (
				8EBEB43E1C466091001DBE91 /* Sources */,
				8EBEB43F1C466091001DBE91 /* Frameworks */,
				8EBEB4401C466091001DBE91 /* Resources */,
				8EE129751C46E993000D404F /* ShellScript */,
				8EE129951C46F891000D404F /* Embed App Extensions */,
				8EBF29E01C4845F6005BBAE0 /* Embed Frameworks */,
				8EBF29E11C48461A005BBAE0 /* CopyFiles */,
			);
			buildRules = (
			);
			dependencies = (
				8E0D33C31D3118CD002D3463 /* PBXTargetDependency */,
			);
			name = "Apple Juice";
			productName = "Apple Juice";
			productReference = 8EBEB4421C466091001DBE91 /* Apple Juice.app */;
			productType = "com.apple.product-type.application";
		};
/* End PBXNativeTarget section */

/* Begin PBXProject section */
		8EBEB43A1C466091001DBE91 /* Project object */ = {
			isa = PBXProject;
			attributes = {
				LastSwiftUpdateCheck = 0800;
				LastUpgradeCheck = 0930;
				ORGANIZATIONNAME = "Raphael Hanneken";
				TargetAttributes = {
					8E0D33AE1D3118CD002D3463 = {
						CreatedOnToolsVersion = 8.0;
						LastSwiftMigration = 0900;
						ProvisioningStyle = Automatic;
					};
					8EBEB4411C466091001DBE91 = {
						CreatedOnToolsVersion = 7.2;
						LastSwiftMigration = 0900;
						SystemCapabilities = {
							com.apple.Sandbox = {
								enabled = 0;
							};
						};
					};
				};
			};
			buildConfigurationList = 8EBEB43D1C466091001DBE91 /* Build configuration list for PBXProject "Apple Juice" */;
			compatibilityVersion = "Xcode 3.2";
			developmentRegion = English;
			hasScannedForEncodings = 0;
			knownRegions = (
				en,
				Base,
				de,
				fr,
				it,
				es,
			);
			mainGroup = 8EBEB4391C466091001DBE91;
			productRefGroup = 8EBEB4431C466091001DBE91 /* Products */;
			projectDirPath = "";
			projectRoot = "";
			targets = (
				8EBEB4411C466091001DBE91 /* Apple Juice */,
				8E0D33AE1D3118CD002D3463 /* Apple Juice Widget */,
			);
		};
/* End PBXProject section */

/* Begin PBXResourcesBuildPhase section */
		8E0D33AD1D3118CD002D3463 /* Resources */ = {
			isa = PBXResourcesBuildPhase;
			buildActionMask = 2147483647;
			files = (
				8E58CBA41D339BD000920567 /* Apple_Juice_Widget.entitlements in Resources */,
				8EA14D281D3D4728004D36C6 /* Localizable.strings in Resources */,
				8E58CBA31D339BC900920567 /* ListRowViewController.xib in Resources */,
				8E58CBA21D339BC200920567 /* TodayViewController.xib in Resources */,
			);
			runOnlyForDeploymentPostprocessing = 0;
		};
		8EBEB4401C466091001DBE91 /* Resources */ = {
			isa = PBXResourcesBuildPhase;
			buildActionMask = 2147483647;
			files = (
				8EBEB4481C466091001DBE91 /* Assets.xcassets in Resources */,
				8E995BBB1EABDB2F00CE8364 /* dsa_pub.pem in Resources */,
				8EBF29E91C485493005BBAE0 /* Localizable.strings in Resources */,
				8EBEB44B1C466091001DBE91 /* MainMenu.xib in Resources */,
			);
			runOnlyForDeploymentPostprocessing = 0;
		};
/* End PBXResourcesBuildPhase section */

/* Begin PBXShellScriptBuildPhase section */
		8EE129751C46E993000D404F /* ShellScript */ = {
			isa = PBXShellScriptBuildPhase;
			buildActionMask = 2147483647;
			files = (
			);
			inputPaths = (
			);
			outputPaths = (
			);
			runOnlyForDeploymentPostprocessing = 0;
			shellPath = /bin/sh;
			shellScript = "if which swiftlint >/dev/null; then\n    swiftlint\nelse\n    echo \"SwiftLint not found! Please install SwiftLint from https://github.com/realm/SwiftLint\"\nfi";
		};
/* End PBXShellScriptBuildPhase section */

/* Begin PBXSourcesBuildPhase section */
		8E0D33AB1D3118CD002D3463 /* Sources */ = {
			isa = PBXSourcesBuildPhase;
			buildActionMask = 2147483647;
			files = (
				8E995BB61EABDA6C00CE8364 /* BatteryError.swift in Sources */,
				8E7373D91EACB58E00F10AD7 /* BatteryInfoTypeProtocol.swift in Sources */,
				8EF30ED31D32B3170010BC49 /* Battery.swift in Sources */,
				8E0D33B51D3118CD002D3463 /* TodayViewController.swift in Sources */,
				8E0D33B71D3118CD002D3463 /* ListRowViewController.swift in Sources */,
				8E7373E31EACBC5D00F10AD7 /* CycleCountInfoType.swift in Sources */,
				8E995BB71EABDA7100CE8364 /* SmartBatteryKeys.swift in Sources */,
				8E995BB51EABDA6800CE8364 /* BatteryState.swift in Sources */,
				8E7373DB1EACB78500F10AD7 /* TimeRemainingInfoType.swift in Sources */,
				8EAE0D211EB4EFBF00E3D594 /* SourceInfoType.swift in Sources */,
				8EAE0D231EB4EFD000E3D594 /* TemperatureInfoType.swift in Sources */,
				8E7373DF1EACBB3300F10AD7 /* PowerUsageInfoType.swift in Sources */,
				8E7373DD1EACB8D400F10AD7 /* PercentageInfoType.swift in Sources */,
				8E7373E11EACBBDB00F10AD7 /* ChargeInfoType.swift in Sources */,
			);
			runOnlyForDeploymentPostprocessing = 0;
		};
		8EBEB43E1C466091001DBE91 /* Sources */ = {
			isa = PBXSourcesBuildPhase;
			buildActionMask = 2147483647;
			files = (
				8E995BB01EABD8C800CE8364 /* BatteryState.swift in Sources */,
				8EE129741C46D3C7000D404F /* StatusNotification.swift in Sources */,
				8E995BB11EABD8C800CE8364 /* NotificationKey.swift in Sources */,
				8EE129721C46CA1B000D404F /* UserPreferences.swift in Sources */,
				8E995BB41EABD8C800CE8364 /* StatusItem.swift in Sources */,
				8E995BAF1EABD8C800CE8364 /* BatteryError.swift in Sources */,
				8EE1296A1C4663F7000D404F /* ApplicationController.swift in Sources */,
				8E995BB31EABD8C800CE8364 /* SmartBatteryKeys.swift in Sources */,
				8E31BF9F1D42651F00055A5B /* BatteryImageCache.swift in Sources */,
				C5EEDA6920276240004DE64C /* PreferenceKey.swift in Sources */,
				8EE1296E1C469326000D404F /* StatusIcon.swift in Sources */,
				8EBEB4461C466091001DBE91 /* AppDelegate.swift in Sources */,
				8EE129701C4695B5000D404F /* Battery.swift in Sources */,
			);
			runOnlyForDeploymentPostprocessing = 0;
		};
/* End PBXSourcesBuildPhase section */

/* Begin PBXTargetDependency section */
		8E0D33C31D3118CD002D3463 /* PBXTargetDependency */ = {
			isa = PBXTargetDependency;
			target = 8E0D33AE1D3118CD002D3463 /* Apple Juice Widget */;
			targetProxy = 8E0D33C21D3118CD002D3463 /* PBXContainerItemProxy */;
		};
/* End PBXTargetDependency section */

/* Begin PBXVariantGroup section */
		8EBEB4491C466091001DBE91 /* MainMenu.xib */ = {
			isa = PBXVariantGroup;
			children = (
				8EBEB44A1C466091001DBE91 /* Base */,
				8E7496931D41798800FD5ADA /* de */,
				8E7496941D41798E00FD5ADA /* en */,
				8E7496951D41799200FD5ADA /* fr */,
				8E7496961D41799600FD5ADA /* it */,
				8E7496971D41799B00FD5ADA /* es */,
			);
			name = MainMenu.xib;
			sourceTree = "<group>";
		};
		8EBF29EC1C485493005BBAE0 /* Localizable.strings */ = {
			isa = PBXVariantGroup;
			children = (
				8EBF29EB1C485493005BBAE0 /* en */,
				8EBF29ED1C48552D005BBAE0 /* Base */,
				8EBF29F31C485741005BBAE0 /* de */,
				8EBF29FD1C486640005BBAE0 /* fr */,
				8E954FA81C4EE528006D0F34 /* it */,
				8E5BC0241C50D13D0077228F /* es */,
			);
			name = Localizable.strings;
			sourceTree = "<group>";
		};
/* End PBXVariantGroup section */

/* Begin XCBuildConfiguration section */
		8E0D33C61D3118CD002D3463 /* Debug */ = {
			isa = XCBuildConfiguration;
			buildSettings = {
				CLANG_ANALYZER_NONNULL = YES;
				CLANG_WARN_DOCUMENTATION_COMMENTS = YES;
				CODE_SIGN_ENTITLEMENTS = "Apple Juice Widget/Apple_Juice_Widget.entitlements";
				COMBINE_HIDPI_IMAGES = YES;
				INFOPLIST_FILE = "Apple Juice Widget/Info.plist";
				LD_RUNPATH_SEARCH_PATHS = "$(inherited) @executable_path/../Frameworks @executable_path/../../../../Frameworks";
				MACOSX_DEPLOYMENT_TARGET = 10.12;
				PRODUCT_BUNDLE_IDENTIFIER = "io.raphaelhanneken.applejuice.Apple-Juice-Widget";
				PRODUCT_NAME = "$(TARGET_NAME)";
				SKIP_INSTALL = YES;
				SWIFT_ACTIVE_COMPILATION_CONDITIONS = DEBUG;
				SWIFT_SWIFT3_OBJC_INFERENCE = Off;
				SWIFT_VERSION = 4.0;
			};
			name = Debug;
		};
		8E0D33C71D3118CD002D3463 /* Release */ = {
			isa = XCBuildConfiguration;
			buildSettings = {
				CLANG_ANALYZER_NONNULL = YES;
				CLANG_WARN_DOCUMENTATION_COMMENTS = YES;
				CODE_SIGN_ENTITLEMENTS = "Apple Juice Widget/Apple_Juice_Widget.entitlements";
				COMBINE_HIDPI_IMAGES = YES;
				INFOPLIST_FILE = "Apple Juice Widget/Info.plist";
				LD_RUNPATH_SEARCH_PATHS = "$(inherited) @executable_path/../Frameworks @executable_path/../../../../Frameworks";
				MACOSX_DEPLOYMENT_TARGET = 10.12;
				PRODUCT_BUNDLE_IDENTIFIER = "io.raphaelhanneken.applejuice.Apple-Juice-Widget";
				PRODUCT_NAME = "$(TARGET_NAME)";
				SKIP_INSTALL = YES;
				SWIFT_OPTIMIZATION_LEVEL = "-Owholemodule";
				SWIFT_SWIFT3_OBJC_INFERENCE = Off;
				SWIFT_VERSION = 4.0;
			};
			name = Release;
		};
		8EBEB44D1C466091001DBE91 /* Debug */ = {
			isa = XCBuildConfiguration;
			buildSettings = {
				ALWAYS_SEARCH_USER_PATHS = NO;
				CLANG_ANALYZER_LOCALIZABILITY_NONLOCALIZED = YES;
				CLANG_CXX_LANGUAGE_STANDARD = "gnu++0x";
				CLANG_CXX_LIBRARY = "libc++";
				CLANG_ENABLE_MODULES = YES;
				CLANG_ENABLE_OBJC_ARC = YES;
				CLANG_WARN_BLOCK_CAPTURE_AUTORELEASING = YES;
				CLANG_WARN_BOOL_CONVERSION = YES;
				CLANG_WARN_COMMA = YES;
				CLANG_WARN_CONSTANT_CONVERSION = YES;
				CLANG_WARN_DEPRECATED_OBJC_IMPLEMENTATIONS = YES;
				CLANG_WARN_DIRECT_OBJC_ISA_USAGE = YES_ERROR;
				CLANG_WARN_EMPTY_BODY = YES;
				CLANG_WARN_ENUM_CONVERSION = YES;
				CLANG_WARN_INFINITE_RECURSION = YES;
				CLANG_WARN_INT_CONVERSION = YES;
				CLANG_WARN_NON_LITERAL_NULL_CONVERSION = YES;
				CLANG_WARN_OBJC_IMPLICIT_RETAIN_SELF = YES;
				CLANG_WARN_OBJC_LITERAL_CONVERSION = YES;
				CLANG_WARN_OBJC_ROOT_CLASS = YES_ERROR;
				CLANG_WARN_RANGE_LOOP_ANALYSIS = YES;
				CLANG_WARN_STRICT_PROTOTYPES = YES;
				CLANG_WARN_SUSPICIOUS_MOVE = YES;
				CLANG_WARN_UNREACHABLE_CODE = YES;
				CLANG_WARN__DUPLICATE_METHOD_MATCH = YES;
				CODE_SIGN_IDENTITY = "-";
				COPY_PHASE_STRIP = NO;
				DEBUG_INFORMATION_FORMAT = dwarf;
				ENABLE_STRICT_OBJC_MSGSEND = YES;
				ENABLE_TESTABILITY = YES;
				GCC_C_LANGUAGE_STANDARD = gnu99;
				GCC_DYNAMIC_NO_PIC = NO;
				GCC_NO_COMMON_BLOCKS = YES;
				GCC_OPTIMIZATION_LEVEL = 0;
				GCC_PREPROCESSOR_DEFINITIONS = (
					"DEBUG=1",
					"$(inherited)",
				);
				GCC_WARN_64_TO_32_BIT_CONVERSION = YES;
				GCC_WARN_ABOUT_RETURN_TYPE = YES_ERROR;
				GCC_WARN_UNDECLARED_SELECTOR = YES;
				GCC_WARN_UNINITIALIZED_AUTOS = YES_AGGRESSIVE;
				GCC_WARN_UNUSED_FUNCTION = YES;
				GCC_WARN_UNUSED_VARIABLE = YES;
				MACOSX_DEPLOYMENT_TARGET = 10.11;
				MTL_ENABLE_DEBUG_INFO = YES;
				ONLY_ACTIVE_ARCH = YES;
				SDKROOT = macosx;
				SWIFT_OPTIMIZATION_LEVEL = "-Onone";
			};
			name = Debug;
		};
		8EBEB44E1C466091001DBE91 /* Release */ = {
			isa = XCBuildConfiguration;
			buildSettings = {
				ALWAYS_SEARCH_USER_PATHS = NO;
				CLANG_ANALYZER_LOCALIZABILITY_NONLOCALIZED = YES;
				CLANG_CXX_LANGUAGE_STANDARD = "gnu++0x";
				CLANG_CXX_LIBRARY = "libc++";
				CLANG_ENABLE_MODULES = YES;
				CLANG_ENABLE_OBJC_ARC = YES;
				CLANG_WARN_BLOCK_CAPTURE_AUTORELEASING = YES;
				CLANG_WARN_BOOL_CONVERSION = YES;
				CLANG_WARN_COMMA = YES;
				CLANG_WARN_CONSTANT_CONVERSION = YES;
				CLANG_WARN_DEPRECATED_OBJC_IMPLEMENTATIONS = YES;
				CLANG_WARN_DIRECT_OBJC_ISA_USAGE = YES_ERROR;
				CLANG_WARN_EMPTY_BODY = YES;
				CLANG_WARN_ENUM_CONVERSION = YES;
				CLANG_WARN_INFINITE_RECURSION = YES;
				CLANG_WARN_INT_CONVERSION = YES;
				CLANG_WARN_NON_LITERAL_NULL_CONVERSION = YES;
				CLANG_WARN_OBJC_IMPLICIT_RETAIN_SELF = YES;
				CLANG_WARN_OBJC_LITERAL_CONVERSION = YES;
				CLANG_WARN_OBJC_ROOT_CLASS = YES_ERROR;
				CLANG_WARN_RANGE_LOOP_ANALYSIS = YES;
				CLANG_WARN_STRICT_PROTOTYPES = YES;
				CLANG_WARN_SUSPICIOUS_MOVE = YES;
				CLANG_WARN_UNREACHABLE_CODE = YES;
				CLANG_WARN__DUPLICATE_METHOD_MATCH = YES;
				CODE_SIGN_IDENTITY = "-";
				COPY_PHASE_STRIP = NO;
				DEBUG_INFORMATION_FORMAT = "dwarf-with-dsym";
				ENABLE_NS_ASSERTIONS = NO;
				ENABLE_STRICT_OBJC_MSGSEND = YES;
				GCC_C_LANGUAGE_STANDARD = gnu99;
				GCC_NO_COMMON_BLOCKS = YES;
				GCC_WARN_64_TO_32_BIT_CONVERSION = YES;
				GCC_WARN_ABOUT_RETURN_TYPE = YES_ERROR;
				GCC_WARN_UNDECLARED_SELECTOR = YES;
				GCC_WARN_UNINITIALIZED_AUTOS = YES_AGGRESSIVE;
				GCC_WARN_UNUSED_FUNCTION = YES;
				GCC_WARN_UNUSED_VARIABLE = YES;
				MACOSX_DEPLOYMENT_TARGET = 10.11;
				MTL_ENABLE_DEBUG_INFO = NO;
				SDKROOT = macosx;
				SWIFT_OPTIMIZATION_LEVEL = "-Owholemodule";
			};
			name = Release;
		};
		8EBEB4501C466091001DBE91 /* Debug */ = {
			isa = XCBuildConfiguration;
			buildSettings = {
				ALWAYS_EMBED_SWIFT_STANDARD_LIBRARIES = YES;
				ASSETCATALOG_COMPILER_APPICON_NAME = AppIcon;
				COMBINE_HIDPI_IMAGES = YES;
				FRAMEWORK_SEARCH_PATHS = (
					"$(inherited)",
					"$(PROJECT_DIR)/Carthage/Build/Mac",
				);
				INFOPLIST_FILE = "Apple Juice/Info.plist";
				LD_RUNPATH_SEARCH_PATHS = "$(inherited) @executable_path/../Frameworks";
				PRODUCT_BUNDLE_IDENTIFIER = io.raphaelhanneken.applejuice;
				PRODUCT_NAME = "$(TARGET_NAME)";
				SWIFT_SWIFT3_OBJC_INFERENCE = Off;
				SWIFT_VERSION = 4.0;
			};
			name = Debug;
		};
		8EBEB4511C466091001DBE91 /* Release */ = {
			isa = XCBuildConfiguration;
			buildSettings = {
				ALWAYS_EMBED_SWIFT_STANDARD_LIBRARIES = YES;
				ASSETCATALOG_COMPILER_APPICON_NAME = AppIcon;
				COMBINE_HIDPI_IMAGES = YES;
				FRAMEWORK_SEARCH_PATHS = (
					"$(inherited)",
					"$(PROJECT_DIR)/Carthage/Build/Mac",
				);
				INFOPLIST_FILE = "Apple Juice/Info.plist";
				LD_RUNPATH_SEARCH_PATHS = "$(inherited) @executable_path/../Frameworks";
				PRODUCT_BUNDLE_IDENTIFIER = io.raphaelhanneken.applejuice;
				PRODUCT_NAME = "$(TARGET_NAME)";
				SWIFT_SWIFT3_OBJC_INFERENCE = Off;
				SWIFT_VERSION = 4.0;
			};
			name = Release;
		};
/* End XCBuildConfiguration section */

/* Begin XCConfigurationList section */
		8E0D33C51D3118CD002D3463 /* Build configuration list for PBXNativeTarget "Apple Juice Widget" */ = {
			isa = XCConfigurationList;
			buildConfigurations = (
				8E0D33C61D3118CD002D3463 /* Debug */,
				8E0D33C71D3118CD002D3463 /* Release */,
			);
			defaultConfigurationIsVisible = 0;
			defaultConfigurationName = Release;
		};
		8EBEB43D1C466091001DBE91 /* Build configuration list for PBXProject "Apple Juice" */ = {
			isa = XCConfigurationList;
			buildConfigurations = (
				8EBEB44D1C466091001DBE91 /* Debug */,
				8EBEB44E1C466091001DBE91 /* Release */,
			);
			defaultConfigurationIsVisible = 0;
			defaultConfigurationName = Release;
		};
		8EBEB44F1C466091001DBE91 /* Build configuration list for PBXNativeTarget "Apple Juice" */ = {
			isa = XCConfigurationList;
			buildConfigurations = (
				8EBEB4501C466091001DBE91 /* Debug */,
				8EBEB4511C466091001DBE91 /* Release */,
			);
			defaultConfigurationIsVisible = 0;
			defaultConfigurationName = Release;
		};
/* End XCConfigurationList section */
	};
	rootObject = 8EBEB43A1C466091001DBE91 /* Project object */;
}
